
Microsoft Visual Studio Solution File, Format Version 12.00
# Visual Studio 15
VisualStudioVersion = 15.0.28307.2092
MinimumVisualStudioVersion = 10.0.40219.1
Project("{FAE04EC0-301F-11D3-BF4B-00C04F79EFBC}") = "test01", "test01\test01.csproj", "{5419C5A6-734E-4A75-A11E-DDF574CDF1C3}"
EndProject
Global
	GlobalSection(SolutionConfigurationPlatforms) = preSolution
		Debug|Any CPU = Debug|Any CPU
		Release|Any CPU = Release|Any CPU
	EndGlobalSection
	GlobalSection(ProjectConfigurationPlatforms) = postSolution
		{5419C5A6-734E-4A75-A11E-DDF574CDF1C3}.Debug|Any CPU.ActiveCfg = Debug|Any CPU
		{5419C5A6-734E-4A75-A11E-DDF574CDF1C3}.Debug|Any CPU.Build.0 = Debug|Any CPU
		{5419C5A6-734E-4A75-A11E-DDF574CDF1C3}.Release|Any CPU.ActiveCfg = Release|Any CPU
		{5419C5A6-734E-4A75-A11E-DDF574CDF1C3}.Release|Any CPU.Build.0 = Release|Any CPU
	EndGlobalSection
	GlobalSection(SolutionProperties) = preSolution
		HideSolutionNode = FALSE
	EndGlobalSection
	GlobalSection(ExtensibilityGlobals) = postSolution
		SolutionGuid = {33D4B6AE-1A78-4BDE-B90C-6F2EB1A8708D}
	EndGlobalSection
EndGlobal
